
Microsoft Visual Studio Solution File, Format Version 12.00
# Visual Studio Version 17
VisualStudioVersion = 17.12.35521.163
MinimumVisualStudioVersion = 10.0.40219.1
Project("{FAE04EC0-301F-11D3-BF4B-00C04F79EFBC}") = "ConsoleApp.MainApp", "Console.MainApp\ConsoleApp.MainApp.csproj", "{F8A8957E-403F-4810-BAAF-E8375422C75E}"
EndProject
Project("{FAE04EC0-301F-11D3-BF4B-00C04F79EFBC}") = "Business", "Business\Business.csproj", "{EA8C716D-FE59-4CA3-A4AC-C710E66833A8}"
EndProject
Project("{FAE04EC0-301F-11D3-BF4B-00C04F79EFBC}") = "Business.Tests", "Business.Tests\Business.Tests.csproj", "{06EDE72F-3842-449B-8584-5831C93D3F87}"
EndProject
Project("{FAE04EC0-301F-11D3-BF4B-00C04F79EFBC}") = "GuiApp.Main", "GuiApp.Main\GuiApp.Main.csproj", "{5BBA7909-8F04-4DDA-B325-F68714F154A6}"
EndProject
Global
	GlobalSection(SolutionConfigurationPlatforms) = preSolution
		Debug|Any CPU = Debug|Any CPU
		Release|Any CPU = Release|Any CPU
	EndGlobalSection
	GlobalSection(ProjectConfigurationPlatforms) = postSolution
		{F8A8957E-403F-4810-BAAF-E8375422C75E}.Debug|Any CPU.ActiveCfg = Debug|Any CPU
		{F8A8957E-403F-4810-BAAF-E8375422C75E}.Debug|Any CPU.Build.0 = Debug|Any CPU
		{F8A8957E-403F-4810-BAAF-E8375422C75E}.Release|Any CPU.ActiveCfg = Release|Any CPU
		{F8A8957E-403F-4810-BAAF-E8375422C75E}.Release|Any CPU.Build.0 = Release|Any CPU
		{EA8C716D-FE59-4CA3-A4AC-C710E66833A8}.Debug|Any CPU.ActiveCfg = Debug|Any CPU
		{EA8C716D-FE59-4CA3-A4AC-C710E66833A8}.Debug|Any CPU.Build.0 = Debug|Any CPU
		{EA8C716D-FE59-4CA3-A4AC-C710E66833A8}.Release|Any CPU.ActiveCfg = Release|Any CPU
		{EA8C716D-FE59-4CA3-A4AC-C710E66833A8}.Release|Any CPU.Build.0 = Release|Any CPU
		{06EDE72F-3842-449B-8584-5831C93D3F87}.Debug|Any CPU.ActiveCfg = Debug|Any CPU
		{06EDE72F-3842-449B-8584-5831C93D3F87}.Debug|Any CPU.Build.0 = Debug|Any CPU
		{06EDE72F-3842-449B-8584-5831C93D3F87}.Release|Any CPU.ActiveCfg = Release|Any CPU
		{06EDE72F-3842-449B-8584-5831C93D3F87}.Release|Any CPU.Build.0 = Release|Any CPU
		{5BBA7909-8F04-4DDA-B325-F68714F154A6}.Debug|Any CPU.ActiveCfg = Debug|Any CPU
		{5BBA7909-8F04-4DDA-B325-F68714F154A6}.Debug|Any CPU.Build.0 = Debug|Any CPU
		{5BBA7909-8F04-4DDA-B325-F68714F154A6}.Release|Any CPU.ActiveCfg = Release|Any CPU
		{5BBA7909-8F04-4DDA-B325-F68714F154A6}.Release|Any CPU.Build.0 = Release|Any CPU
	EndGlobalSection
	GlobalSection(SolutionProperties) = preSolution
		HideSolutionNode = FALSE
	EndGlobalSection
EndGlobal
